
Microsoft Visual Studio Solution File, Format Version 12.00
# Visual Studio Version 16
VisualStudioVersion = 16.0.30011.22
MinimumVisualStudioVersion = 10.0.40219.1
Project("{9A19103F-16F7-4668-BE54-9A1E7A4F7556}") = "HelloWorld", "HelloWorld\HelloWorld.csproj", "{B4A41911-A926-4990-84CA-DE739110CA57}"
EndProject
Project("{FAE04EC0-301F-11D3-BF4B-00C04F79EFBC}") = "HelloWorld2", "HelloWorld2\HelloWorld2.csproj", "{0897E125-9F98-4272-AAEF-585FFD785EFE}"
EndProject
Global
	GlobalSection(SolutionConfigurationPlatforms) = preSolution
		Debug|Any CPU = Debug|Any CPU
		Release|Any CPU = Release|Any CPU
	EndGlobalSection
	GlobalSection(ProjectConfigurationPlatforms) = postSolution
		{B4A41911-A926-4990-84CA-DE739110CA57}.Debug|Any CPU.ActiveCfg = Debug|Any CPU
		{B4A41911-A926-4990-84CA-DE739110CA57}.Debug|Any CPU.Build.0 = Debug|Any CPU
		{B4A41911-A926-4990-84CA-DE739110CA57}.Release|Any CPU.ActiveCfg = Release|Any CPU
		{B4A41911-A926-4990-84CA-DE739110CA57}.Release|Any CPU.Build.0 = Release|Any CPU
		{0897E125-9F98-4272-AAEF-585FFD785EFE}.Debug|Any CPU.ActiveCfg = Debug|Any CPU
		{0897E125-9F98-4272-AAEF-585FFD785EFE}.Debug|Any CPU.Build.0 = Debug|Any CPU
		{0897E125-9F98-4272-AAEF-585FFD785EFE}.Release|Any CPU.ActiveCfg = Release|Any CPU
		{0897E125-9F98-4272-AAEF-585FFD785EFE}.Release|Any CPU.Build.0 = Release|Any CPU
	EndGlobalSection
	GlobalSection(SolutionProperties) = preSolution
		HideSolutionNode = FALSE
	EndGlobalSection
	GlobalSection(ExtensibilityGlobals) = postSolution
		SolutionGuid = {FAF1B7F0-43A2-4AC7-B5A3-3E703F6001E7}
	EndGlobalSection
EndGlobal
