
Microsoft Visual Studio Solution File, Format Version 12.00
# Visual Studio Version 16
VisualStudioVersion = 16.0.30011.22
MinimumVisualStudioVersion = 10.0.40219.1
Project("{FAE04EC0-301F-11D3-BF4B-00C04F79EFBC}") = "ClassAndInstance", "ClassAndInstance\ClassAndInstance.csproj", "{B146F6CD-A269-4F23-BF8E-D2813712DD06}"
EndProject
Global
	GlobalSection(SolutionConfigurationPlatforms) = preSolution
		Debug|Any CPU = Debug|Any CPU
		Release|Any CPU = Release|Any CPU
	EndGlobalSection
	GlobalSection(ProjectConfigurationPlatforms) = postSolution
		{B146F6CD-A269-4F23-BF8E-D2813712DD06}.Debug|Any CPU.ActiveCfg = Debug|Any CPU
		{B146F6CD-A269-4F23-BF8E-D2813712DD06}.Debug|Any CPU.Build.0 = Debug|Any CPU
		{B146F6CD-A269-4F23-BF8E-D2813712DD06}.Release|Any CPU.ActiveCfg = Release|Any CPU
		{B146F6CD-A269-4F23-BF8E-D2813712DD06}.Release|Any CPU.Build.0 = Release|Any CPU
	EndGlobalSection
	GlobalSection(SolutionProperties) = preSolution
		HideSolutionNode = FALSE
	EndGlobalSection
	GlobalSection(ExtensibilityGlobals) = postSolution
		SolutionGuid = {4533F794-5894-4633-BC8B-D3B19F3E76A0}
	EndGlobalSection
EndGlobal
