
Microsoft Visual Studio Solution File, Format Version 12.00
# Visual Studio Version 16
VisualStudioVersion = 16.0.30204.135
MinimumVisualStudioVersion = 10.0.40219.1
Project("{9A19103F-16F7-4668-BE54-9A1E7A4F7556}") = "MinIO_Test2", "MinIO_Test2.csproj", "{3771BBD2-964B-4827-868C-BE104C774E57}"
EndProject
Global
	GlobalSection(SolutionConfigurationPlatforms) = preSolution
		Debug|Any CPU = Debug|Any CPU
		Debug|x86 = Debug|x86
		Release|Any CPU = Release|Any CPU
		Release|x86 = Release|x86
	EndGlobalSection
	GlobalSection(ProjectConfigurationPlatforms) = postSolution
		{3771BBD2-964B-4827-868C-BE104C774E57}.Debug|Any CPU.ActiveCfg = Debug|Any CPU
		{3771BBD2-964B-4827-868C-BE104C774E57}.Debug|Any CPU.Build.0 = Debug|Any CPU
		{3771BBD2-964B-4827-868C-BE104C774E57}.Debug|x86.ActiveCfg = Debug|Any CPU
		{3771BBD2-964B-4827-868C-BE104C774E57}.Debug|x86.Build.0 = Debug|Any CPU
		{3771BBD2-964B-4827-868C-BE104C774E57}.Release|Any CPU.ActiveCfg = Release|Any CPU
		{3771BBD2-964B-4827-868C-BE104C774E57}.Release|Any CPU.Build.0 = Release|Any CPU
		{3771BBD2-964B-4827-868C-BE104C774E57}.Release|x86.ActiveCfg = Release|Any CPU
		{3771BBD2-964B-4827-868C-BE104C774E57}.Release|x86.Build.0 = Release|Any CPU
	EndGlobalSection
	GlobalSection(SolutionProperties) = preSolution
		HideSolutionNode = FALSE
	EndGlobalSection
	GlobalSection(ExtensibilityGlobals) = postSolution
		SolutionGuid = {A51A80CA-3349-4C57-A33B-5924253A7955}
	EndGlobalSection
EndGlobal
